// !$*UTF8*$!
{
	archiveVersion = 1;
	classes = {
	};
	objectVersion = 50;
	objects = {

/* Begin PBXBuildFile section */
		56C3760723EC9192009A0DEC /* AppDelegate.swift in Sources */ = {isa = PBXBuildFile; fileRef = 56C3760623EC9192009A0DEC /* AppDelegate.swift */; };
		56C3760923EC9192009A0DEC /* SceneDelegate.swift in Sources */ = {isa = PBXBuildFile; fileRef = 56C3760823EC9192009A0DEC /* SceneDelegate.swift */; };
		56C3760B23EC9192009A0DEC /* ContentView.swift in Sources */ = {isa = PBXBuildFile; fileRef = 56C3760A23EC9192009A0DEC /* ContentView.swift */; };
		56C3760D23EC9194009A0DEC /* Assets.xcassets in Resources */ = {isa = PBXBuildFile; fileRef = 56C3760C23EC9194009A0DEC /* Assets.xcassets */; };
		56C3761023EC9194009A0DEC /* Preview Assets.xcassets in Resources */ = {isa = PBXBuildFile; fileRef = 56C3760F23EC9194009A0DEC /* Preview Assets.xcassets */; };
		56C3761323EC9194009A0DEC /* LaunchScreen.storyboard in Resources */ = {isa = PBXBuildFile; fileRef = 56C3761123EC9194009A0DEC /* LaunchScreen.storyboard */; };
		56C3761E23EC9195009A0DEC /* LandsmarkTests.swift in Sources */ = {isa = PBXBuildFile; fileRef = 56C3761D23EC9195009A0DEC /* LandsmarkTests.swift */; };
		56C3762923EC9195009A0DEC /* LandsmarkUITests.swift in Sources */ = {isa = PBXBuildFile; fileRef = 56C3762823EC9195009A0DEC /* LandsmarkUITests.swift */; };
		56C3763A23EC925A009A0DEC /* CircleImage.swift in Sources */ = {isa = PBXBuildFile; fileRef = 56C3763823EC925A009A0DEC /* CircleImage.swift */; };
		56C3763B23EC925A009A0DEC /* MapView.swift in Sources */ = {isa = PBXBuildFile; fileRef = 56C3763923EC925A009A0DEC /* MapView.swift */; };
		56C3763D23EC92E6009A0DEC /* turtlerock.jpg in Resources */ = {isa = PBXBuildFile; fileRef = 56C3763C23EC92E6009A0DEC /* turtlerock.jpg */; };
		56C3764223EC9A42009A0DEC /* LandmarkRow.swift in Sources */ = {isa = PBXBuildFile; fileRef = 56C3764123EC9A42009A0DEC /* LandmarkRow.swift */; };
/* End PBXBuildFile section */

/* Begin PBXContainerItemProxy section */
		56C3761A23EC9195009A0DEC /* PBXContainerItemProxy */ = {
			isa = PBXContainerItemProxy;
			containerPortal = 56C375FB23EC9192009A0DEC /* Project object */;
			proxyType = 1;
			remoteGlobalIDString = 56C3760223EC9192009A0DEC;
			remoteInfo = Landsmark;
		};
		56C3762523EC9195009A0DEC /* PBXContainerItemProxy */ = {
			isa = PBXContainerItemProxy;
			containerPortal = 56C375FB23EC9192009A0DEC /* Project object */;
			proxyType = 1;
			remoteGlobalIDString = 56C3760223EC9192009A0DEC;
			remoteInfo = Landsmark;
		};
/* End PBXContainerItemProxy section */

/* Begin PBXFileReference section */
		56C3760323EC9192009A0DEC /* Landsmark.app */ = {isa = PBXFileReference; explicitFileType = wrapper.application; includeInIndex = 0; path = Landsmark.app; sourceTree = BUILT_PRODUCTS_DIR; };
		56C3760623EC9192009A0DEC /* AppDelegate.swift */ = {isa = PBXFileReference; lastKnownFileType = sourcecode.swift; path = AppDelegate.swift; sourceTree = "<group>"; };
		56C3760823EC9192009A0DEC /* SceneDelegate.swift */ = {isa = PBXFileReference; lastKnownFileType = sourcecode.swift; path = SceneDelegate.swift; sourceTree = "<group>"; };
		56C3760A23EC9192009A0DEC /* ContentView.swift */ = {isa = PBXFileReference; lastKnownFileType = sourcecode.swift; path = ContentView.swift; sourceTree = "<group>"; };
		56C3760C23EC9194009A0DEC /* Assets.xcassets */ = {isa = PBXFileReference; lastKnownFileType = folder.assetcatalog; path = Assets.xcassets; sourceTree = "<group>"; };
		56C3760F23EC9194009A0DEC /* Preview Assets.xcassets */ = {isa = PBXFileReference; lastKnownFileType = folder.assetcatalog; path = "Preview Assets.xcassets"; sourceTree = "<group>"; };
		56C3761223EC9194009A0DEC /* Base */ = {isa = PBXFileReference; lastKnownFileType = file.storyboard; name = Base; path = Base.lproj/LaunchScreen.storyboard; sourceTree = "<group>"; };
		56C3761423EC9194009A0DEC /* Info.plist */ = {isa = PBXFileReference; lastKnownFileType = text.plist.xml; path = Info.plist; sourceTree = "<group>"; };
		56C3761923EC9195009A0DEC /* LandsmarkTests.xctest */ = {isa = PBXFileReference; explicitFileType = wrapper.cfbundle; includeInIndex = 0; path = LandsmarkTests.xctest; sourceTree = BUILT_PRODUCTS_DIR; };
		56C3761D23EC9195009A0DEC /* LandsmarkTests.swift */ = {isa = PBXFileReference; lastKnownFileType = sourcecode.swift; path = LandsmarkTests.swift; sourceTree = "<group>"; };
		56C3761F23EC9195009A0DEC /* Info.plist */ = {isa = PBXFileReference; lastKnownFileType = text.plist.xml; path = Info.plist; sourceTree = "<group>"; };
		56C3762423EC9195009A0DEC /* LandsmarkUITests.xctest */ = {isa = PBXFileReference; explicitFileType = wrapper.cfbundle; includeInIndex = 0; path = LandsmarkUITests.xctest; sourceTree = BUILT_PRODUCTS_DIR; };
		56C3762823EC9195009A0DEC /* LandsmarkUITests.swift */ = {isa = PBXFileReference; lastKnownFileType = sourcecode.swift; path = LandsmarkUITests.swift; sourceTree = "<group>"; };
		56C3762A23EC9195009A0DEC /* Info.plist */ = {isa = PBXFileReference; lastKnownFileType = text.plist.xml; path = Info.plist; sourceTree = "<group>"; };
		56C3763823EC925A009A0DEC /* CircleImage.swift */ = {isa = PBXFileReference; fileEncoding = 4; lastKnownFileType = sourcecode.swift; name = CircleImage.swift; path = "../../../../../Downloads/CreatingAndCombiningViews (1)/Complete/Landmarks/Landmarks/Supporting Views/CircleImage.swift"; sourceTree = "<group>"; };
		56C3763923EC925A009A0DEC /* MapView.swift */ = {isa = PBXFileReference; fileEncoding = 4; lastKnownFileType = sourcecode.swift; name = MapView.swift; path = "../../../../../Downloads/CreatingAndCombiningViews (1)/Complete/Landmarks/Landmarks/Supporting Views/MapView.swift"; sourceTree = "<group>"; };
		56C3763C23EC92E6009A0DEC /* turtlerock.jpg */ = {isa = PBXFileReference; lastKnownFileType = image.jpeg; name = turtlerock.jpg; path = "../../../../../Downloads/CreatingAndCombiningViews (1)/Resources/turtlerock.jpg"; sourceTree = "<group>"; };
		56C3763E23EC9697009A0DEC /* Data.swift */ = {isa = PBXFileReference; lastKnownFileType = sourcecode.swift; name = Data.swift; path = ../../../../Downloads/BuildingListsAndNavigation/StartingPoint/Landmarks/Landmarks/Models/Data.swift; sourceTree = "<group>"; };
		56C3763F23EC96A2009A0DEC /* Landmark.swift */ = {isa = PBXFileReference; lastKnownFileType = sourcecode.swift; name = Landmark.swift; path = ../../../../Downloads/BuildingListsAndNavigation/StartingPoint/Landmarks/Landmarks/Models/Landmark.swift; sourceTree = "<group>"; };
		56C3764023EC97E9009A0DEC /* landmarkData.json */ = {isa = PBXFileReference; lastKnownFileType = text.json; name = landmarkData.json; path = ../../../../Downloads/BuildingListsAndNavigation/StartingPoint/Landmarks/Landmarks/Resources/landmarkData.json; sourceTree = "<group>"; };
		56C3764123EC9A42009A0DEC /* LandmarkRow.swift */ = {isa = PBXFileReference; lastKnownFileType = sourcecode.swift; path = LandmarkRow.swift; sourceTree = "<group>"; };
/* End PBXFileReference section */

/* Begin PBXFrameworksBuildPhase section */
		56C3760023EC9192009A0DEC /* Frameworks */ = {
			isa = PBXFrameworksBuildPhase;
			buildActionMask = 2147483647;
			files = (
			);
			runOnlyForDeploymentPostprocessing = 0;
		};
		56C3761623EC9195009A0DEC /* Frameworks */ = {
			isa = PBXFrameworksBuildPhase;
			buildActionMask = 2147483647;
			files = (
			);
			runOnlyForDeploymentPostprocessing = 0;
		};
		56C3762123EC9195009A0DEC /* Frameworks */ = {
			isa = PBXFrameworksBuildPhase;
			buildActionMask = 2147483647;
			files = (
			);
			runOnlyForDeploymentPostprocessing = 0;
		};
/* End PBXFrameworksBuildPhase section */

/* Begin PBXGroup section */
		56C375FA23EC9192009A0DEC = {
			isa = PBXGroup;
			children = (
				56C3760523EC9192009A0DEC /* Landsmark */,
				56C3761C23EC9195009A0DEC /* LandsmarkTests */,
				56C3762723EC9195009A0DEC /* LandsmarkUITests */,
				56C3760423EC9192009A0DEC /* Products */,
				56C3763E23EC9697009A0DEC /* Data.swift */,
				56C3763F23EC96A2009A0DEC /* Landmark.swift */,
				56C3764023EC97E9009A0DEC /* landmarkData.json */,
			);
			sourceTree = "<group>";
		};
		56C3760423EC9192009A0DEC /* Products */ = {
			isa = PBXGroup;
			children = (
				56C3760323EC9192009A0DEC /* Landsmark.app */,
				56C3761923EC9195009A0DEC /* LandsmarkTests.xctest */,
				56C3762423EC9195009A0DEC /* LandsmarkUITests.xctest */,
			);
			name = Products;
			sourceTree = "<group>";
		};
		56C3760523EC9192009A0DEC /* Landsmark */ = {
			isa = PBXGroup;
			children = (
				56C3760623EC9192009A0DEC /* AppDelegate.swift */,
				56C3760823EC9192009A0DEC /* SceneDelegate.swift */,
				56C3760A23EC9192009A0DEC /* ContentView.swift */,
				56C3763823EC925A009A0DEC /* CircleImage.swift */,
				56C3763923EC925A009A0DEC /* MapView.swift */,
				56C3764123EC9A42009A0DEC /* LandmarkRow.swift */,
				56C3760C23EC9194009A0DEC /* Assets.xcassets */,
				56C3763C23EC92E6009A0DEC /* turtlerock.jpg */,
				56C3761123EC9194009A0DEC /* LaunchScreen.storyboard */,
				56C3761423EC9194009A0DEC /* Info.plist */,
				56C3760E23EC9194009A0DEC /* Preview Content */,
			);
			path = Landsmark;
			sourceTree = "<group>";
		};
		56C3760E23EC9194009A0DEC /* Preview Content */ = {
			isa = PBXGroup;
			children = (
				56C3760F23EC9194009A0DEC /* Preview Assets.xcassets */,
			);
			path = "Preview Content";
			sourceTree = "<group>";
		};
		56C3761C23EC9195009A0DEC /* LandsmarkTests */ = {
			isa = PBXGroup;
			children = (
				56C3761D23EC9195009A0DEC /* LandsmarkTests.swift */,
				56C3761F23EC9195009A0DEC /* Info.plist */,
			);
			path = LandsmarkTests;
			sourceTree = "<group>";
		};
		56C3762723EC9195009A0DEC /* LandsmarkUITests */ = {
			isa = PBXGroup;
			children = (
				56C3762823EC9195009A0DEC /* LandsmarkUITests.swift */,
				56C3762A23EC9195009A0DEC /* Info.plist */,
			);
			path = LandsmarkUITests;
			sourceTree = "<group>";
		};
/* End PBXGroup section */

/* Begin PBXNativeTarget section */
		56C3760223EC9192009A0DEC /* Landsmark */ = {
			isa = PBXNativeTarget;
			buildConfigurationList = 56C3762D23EC9195009A0DEC /* Build configuration list for PBXNativeTarget "Landsmark" */;
			buildPhases = (
				56C375FF23EC9192009A0DEC /* Sources */,
				56C3760023EC9192009A0DEC /* Frameworks */,
				56C3760123EC9192009A0DEC /* Resources */,
			);
			buildRules = (
			);
			dependencies = (
			);
			name = Landsmark;
			productName = Landsmark;
			productReference = 56C3760323EC9192009A0DEC /* Landsmark.app */;
			productType = "com.apple.product-type.application";
		};
		56C3761823EC9195009A0DEC /* LandsmarkTests */ = {
			isa = PBXNativeTarget;
			buildConfigurationList = 56C3763023EC9195009A0DEC /* Build configuration list for PBXNativeTarget "LandsmarkTests" */;
			buildPhases = (
				56C3761523EC9195009A0DEC /* Sources */,
				56C3761623EC9195009A0DEC /* Frameworks */,
				56C3761723EC9195009A0DEC /* Resources */,
			);
			buildRules = (
			);
			dependencies = (
				56C3761B23EC9195009A0DEC /* PBXTargetDependency */,
			);
			name = LandsmarkTests;
			productName = LandsmarkTests;
			productReference = 56C3761923EC9195009A0DEC /* LandsmarkTests.xctest */;
			productType = "com.apple.product-type.bundle.unit-test";
		};
		56C3762323EC9195009A0DEC /* LandsmarkUITests */ = {
			isa = PBXNativeTarget;
			buildConfigurationList = 56C3763323EC9195009A0DEC /* Build configuration list for PBXNativeTarget "LandsmarkUITests" */;
			buildPhases = (
				56C3762023EC9195009A0DEC /* Sources */,
				56C3762123EC9195009A0DEC /* Frameworks */,
				56C3762223EC9195009A0DEC /* Resources */,
			);
			buildRules = (
			);
			dependencies = (
				56C3762623EC9195009A0DEC /* PBXTargetDependency */,
			);
			name = LandsmarkUITests;
			productName = LandsmarkUITests;
			productReference = 56C3762423EC9195009A0DEC /* LandsmarkUITests.xctest */;
			productType = "com.apple.product-type.bundle.ui-testing";
		};
/* End PBXNativeTarget section */

/* Begin PBXProject section */
		56C375FB23EC9192009A0DEC /* Project object */ = {
			isa = PBXProject;
			attributes = {
				LastSwiftUpdateCheck = 1130;
				LastUpgradeCheck = 1130;
				ORGANIZATIONNAME = "Georg Lang";
				TargetAttributes = {
					56C3760223EC9192009A0DEC = {
						CreatedOnToolsVersion = 11.3.1;
					};
					56C3761823EC9195009A0DEC = {
						CreatedOnToolsVersion = 11.3.1;
						TestTargetID = 56C3760223EC9192009A0DEC;
					};
					56C3762323EC9195009A0DEC = {
						CreatedOnToolsVersion = 11.3.1;
						TestTargetID = 56C3760223EC9192009A0DEC;
					};
				};
			};
			buildConfigurationList = 56C375FE23EC9192009A0DEC /* Build configuration list for PBXProject "Landsmark" */;
			compatibilityVersion = "Xcode 9.3";
			developmentRegion = en;
			hasScannedForEncodings = 0;
			knownRegions = (
				en,
				Base,
			);
			mainGroup = 56C375FA23EC9192009A0DEC;
			productRefGroup = 56C3760423EC9192009A0DEC /* Products */;
			projectDirPath = "";
			projectRoot = "";
			targets = (
				56C3760223EC9192009A0DEC /* Landsmark */,
				56C3761823EC9195009A0DEC /* LandsmarkTests */,
				56C3762323EC9195009A0DEC /* LandsmarkUITests */,
			);
		};
/* End PBXProject section */

/* Begin PBXResourcesBuildPhase section */
		56C3760123EC9192009A0DEC /* Resources */ = {
			isa = PBXResourcesBuildPhase;
			buildActionMask = 2147483647;
			files = (
				56C3763D23EC92E6009A0DEC /* turtlerock.jpg in Resources */,
				56C3761323EC9194009A0DEC /* LaunchScreen.storyboard in Resources */,
				56C3761023EC9194009A0DEC /* Preview Assets.xcassets in Resources */,
				56C3760D23EC9194009A0DEC /* Assets.xcassets in Resources */,
			);
			runOnlyForDeploymentPostprocessing = 0;
		};
		56C3761723EC9195009A0DEC /* Resources */ = {
			isa = PBXResourcesBuildPhase;
			buildActionMask = 2147483647;
			files = (
			);
			runOnlyForDeploymentPostprocessing = 0;
		};
		56C3762223EC9195009A0DEC /* Resources */ = {
			isa = PBXResourcesBuildPhase;
			buildActionMask = 2147483647;
			files = (
			);
			runOnlyForDeploymentPostprocessing = 0;
		};
/* End PBXResourcesBuildPhase section */

/* Begin PBXSourcesBuildPhase section */
		56C375FF23EC9192009A0DEC /* Sources */ = {
			isa = PBXSourcesBuildPhase;
			buildActionMask = 2147483647;
			files = (
				56C3760723EC9192009A0DEC /* AppDelegate.swift in Sources */,
				56C3763A23EC925A009A0DEC /* CircleImage.swift in Sources */,
				56C3764223EC9A42009A0DEC /* LandmarkRow.swift in Sources */,
				56C3763B23EC925A009A0DEC /* MapView.swift in Sources */,
				56C3760923EC9192009A0DEC /* SceneDelegate.swift in Sources */,
				56C3760B23EC9192009A0DEC /* ContentView.swift in Sources */,
			);
			runOnlyForDeploymentPostprocessing = 0;
		};
		56C3761523EC9195009A0DEC /* Sources */ = {
			isa = PBXSourcesBuildPhase;
			buildActionMask = 2147483647;
			files = (
				56C3761E23EC9195009A0DEC /* LandsmarkTests.swift in Sources */,
			);
			runOnlyForDeploymentPostprocessing = 0;
		};
		56C3762023EC9195009A0DEC /* Sources */ = {
			isa = PBXSourcesBuildPhase;
			buildActionMask = 2147483647;
			files = (
				56C3762923EC9195009A0DEC /* LandsmarkUITests.swift in Sources */,
			);
			runOnlyForDeploymentPostprocessing = 0;
		};
/* End PBXSourcesBuildPhase section */

/* Begin PBXTargetDependency section */
		56C3761B23EC9195009A0DEC /* PBXTargetDependency */ = {
			isa = PBXTargetDependency;
			target = 56C3760223EC9192009A0DEC /* Landsmark */;
			targetProxy = 56C3761A23EC9195009A0DEC /* PBXContainerItemProxy */;
		};
		56C3762623EC9195009A0DEC /* PBXTargetDependency */ = {
			isa = PBXTargetDependency;
			target = 56C3760223EC9192009A0DEC /* Landsmark */;
			targetProxy = 56C3762523EC9195009A0DEC /* PBXContainerItemProxy */;
		};
/* End PBXTargetDependency section */

/* Begin PBXVariantGroup section */
		56C3761123EC9194009A0DEC /* LaunchScreen.storyboard */ = {
			isa = PBXVariantGroup;
			children = (
				56C3761223EC9194009A0DEC /* Base */,
			);
			name = LaunchScreen.storyboard;
			sourceTree = "<group>";
		};
/* End PBXVariantGroup section */

/* Begin XCBuildConfiguration section */
		56C3762B23EC9195009A0DEC /* Debug */ = {
			isa = XCBuildConfiguration;
			buildSettings = {
				ALWAYS_SEARCH_USER_PATHS = NO;
				CLANG_ANALYZER_NONNULL = YES;
				CLANG_ANALYZER_NUMBER_OBJECT_CONVERSION = YES_AGGRESSIVE;
				CLANG_CXX_LANGUAGE_STANDARD = "gnu++14";
				CLANG_CXX_LIBRARY = "libc++";
				CLANG_ENABLE_MODULES = YES;
				CLANG_ENABLE_OBJC_ARC = YES;
				CLANG_ENABLE_OBJC_WEAK = YES;
				CLANG_WARN_BLOCK_CAPTURE_AUTORELEASING = YES;
				CLANG_WARN_BOOL_CONVERSION = YES;
				CLANG_WARN_COMMA = YES;
				CLANG_WARN_CONSTANT_CONVERSION = YES;
				CLANG_WARN_DEPRECATED_OBJC_IMPLEMENTATIONS = YES;
				CLANG_WARN_DIRECT_OBJC_ISA_USAGE = YES_ERROR;
				CLANG_WARN_DOCUMENTATION_COMMENTS = YES;
				CLANG_WARN_EMPTY_BODY = YES;
				CLANG_WARN_ENUM_CONVERSION = YES;
				CLANG_WARN_INFINITE_RECURSION = YES;
				CLANG_WARN_INT_CONVERSION = YES;
				CLANG_WARN_NON_LITERAL_NULL_CONVERSION = YES;
				CLANG_WARN_OBJC_IMPLICIT_RETAIN_SELF = YES;
				CLANG_WARN_OBJC_LITERAL_CONVERSION = YES;
				CLANG_WARN_OBJC_ROOT_CLASS = YES_ERROR;
				CLANG_WARN_RANGE_LOOP_ANALYSIS = YES;
				CLANG_WARN_STRICT_PROTOTYPES = YES;
				CLANG_WARN_SUSPICIOUS_MOVE = YES;
				CLANG_WARN_UNGUARDED_AVAILABILITY = YES_AGGRESSIVE;
				CLANG_WARN_UNREACHABLE_CODE = YES;
				CLANG_WARN__DUPLICATE_METHOD_MATCH = YES;
				COPY_PHASE_STRIP = NO;
				DEBUG_INFORMATION_FORMAT = dwarf;
				ENABLE_STRICT_OBJC_MSGSEND = YES;
				ENABLE_TESTABILITY = YES;
				GCC_C_LANGUAGE_STANDARD = gnu11;
				GCC_DYNAMIC_NO_PIC = NO;
				GCC_NO_COMMON_BLOCKS = YES;
				GCC_OPTIMIZATION_LEVEL = 0;
				GCC_PREPROCESSOR_DEFINITIONS = (
					"DEBUG=1",
					"$(inherited)",
				);
				GCC_WARN_64_TO_32_BIT_CONVERSION = YES;
				GCC_WARN_ABOUT_RETURN_TYPE = YES_ERROR;
				GCC_WARN_UNDECLARED_SELECTOR = YES;
				GCC_WARN_UNINITIALIZED_AUTOS = YES_AGGRESSIVE;
				GCC_WARN_UNUSED_FUNCTION = YES;
				GCC_WARN_UNUSED_VARIABLE = YES;
				IPHONEOS_DEPLOYMENT_TARGET = 13.2;
				MTL_ENABLE_DEBUG_INFO = INCLUDE_SOURCE;
				MTL_FAST_MATH = YES;
				ONLY_ACTIVE_ARCH = YES;
				SDKROOT = iphoneos;
				SWIFT_ACTIVE_COMPILATION_CONDITIONS = DEBUG;
				SWIFT_OPTIMIZATION_LEVEL = "-Onone";
			};
			name = Debug;
		};
		56C3762C23EC9195009A0DEC /* Release */ = {
			isa = XCBuildConfiguration;
			buildSettings = {
				ALWAYS_SEARCH_USER_PATHS = NO;
				CLANG_ANALYZER_NONNULL = YES;
				CLANG_ANALYZER_NUMBER_OBJECT_CONVERSION = YES_AGGRESSIVE;
				CLANG_CXX_LANGUAGE_STANDARD = "gnu++14";
				CLANG_CXX_LIBRARY = "libc++";
				CLANG_ENABLE_MODULES = YES;
				CLANG_ENABLE_OBJC_ARC = YES;
				CLANG_ENABLE_OBJC_WEAK = YES;
				CLANG_WARN_BLOCK_CAPTURE_AUTORELEASING = YES;
				CLANG_WARN_BOOL_CONVERSION = YES;
				CLANG_WARN_COMMA = YES;
				CLANG_WARN_CONSTANT_CONVERSION = YES;
				CLANG_WARN_DEPRECATED_OBJC_IMPLEMENTATIONS = YES;
				CLANG_WARN_DIRECT_OBJC_ISA_USAGE = YES_ERROR;
				CLANG_WARN_DOCUMENTATION_COMMENTS = YES;
				CLANG_WARN_EMPTY_BODY = YES;
				CLANG_WARN_ENUM_CONVERSION = YES;
				CLANG_WARN_INFINITE_RECURSION = YES;
				CLANG_WARN_INT_CONVERSION = YES;
				CLANG_WARN_NON_LITERAL_NULL_CONVERSION = YES;
				CLANG_WARN_OBJC_IMPLICIT_RETAIN_SELF = YES;
				CLANG_WARN_OBJC_LITERAL_CONVERSION = YES;
				CLANG_WARN_OBJC_ROOT_CLASS = YES_ERROR;
				CLANG_WARN_RANGE_LOOP_ANALYSIS = YES;
				CLANG_WARN_STRICT_PROTOTYPES = YES;
				CLANG_WARN_SUSPICIOUS_MOVE = YES;
				CLANG_WARN_UNGUARDED_AVAILABILITY = YES_AGGRESSIVE;
				CLANG_WARN_UNREACHABLE_CODE = YES;
				CLANG_WARN__DUPLICATE_METHOD_MATCH = YES;
				COPY_PHASE_STRIP = NO;
				DEBUG_INFORMATION_FORMAT = "dwarf-with-dsym";
				ENABLE_NS_ASSERTIONS = NO;
				ENABLE_STRICT_OBJC_MSGSEND = YES;
				GCC_C_LANGUAGE_STANDARD = gnu11;
				GCC_NO_COMMON_BLOCKS = YES;
				GCC_WARN_64_TO_32_BIT_CONVERSION = YES;
				GCC_WARN_ABOUT_RETURN_TYPE = YES_ERROR;
				GCC_WARN_UNDECLARED_SELECTOR = YES;
				GCC_WARN_UNINITIALIZED_AUTOS = YES_AGGRESSIVE;
				GCC_WARN_UNUSED_FUNCTION = YES;
				GCC_WARN_UNUSED_VARIABLE = YES;
				IPHONEOS_DEPLOYMENT_TARGET = 13.2;
				MTL_ENABLE_DEBUG_INFO = NO;
				MTL_FAST_MATH = YES;
				SDKROOT = iphoneos;
				SWIFT_COMPILATION_MODE = wholemodule;
				SWIFT_OPTIMIZATION_LEVEL = "-O";
				VALIDATE_PRODUCT = YES;
			};
			name = Release;
		};
		56C3762E23EC9195009A0DEC /* Debug */ = {
			isa = XCBuildConfiguration;
			buildSettings = {
				ASSETCATALOG_COMPILER_APPICON_NAME = AppIcon;
				CODE_SIGN_STYLE = Automatic;
				DEVELOPMENT_ASSET_PATHS = "\"Landsmark/Preview Content\"";
				ENABLE_PREVIEWS = YES;
				INFOPLIST_FILE = Landsmark/Info.plist;
				LD_RUNPATH_SEARCH_PATHS = (
					"$(inherited)",
					"@executable_path/Frameworks",
				);
				PRODUCT_BUNDLE_IDENTIFIER = georglang.Landsmark;
				PRODUCT_NAME = "$(TARGET_NAME)";
				SWIFT_VERSION = 5.0;
				TARGETED_DEVICE_FAMILY = "1,2";
			};
			name = Debug;
		};
		56C3762F23EC9195009A0DEC /* Release */ = {
			isa = XCBuildConfiguration;
			buildSettings = {
				ASSETCATALOG_COMPILER_APPICON_NAME = AppIcon;
				CODE_SIGN_STYLE = Automatic;
				DEVELOPMENT_ASSET_PATHS = "\"Landsmark/Preview Content\"";
				ENABLE_PREVIEWS = YES;
				INFOPLIST_FILE = Landsmark/Info.plist;
				LD_RUNPATH_SEARCH_PATHS = (
					"$(inherited)",
					"@executable_path/Frameworks",
				);
				PRODUCT_BUNDLE_IDENTIFIER = georglang.Landsmark;
				PRODUCT_NAME = "$(TARGET_NAME)";
				SWIFT_VERSION = 5.0;
				TARGETED_DEVICE_FAMILY = "1,2";
			};
			name = Release;
		};
		56C3763123EC9195009A0DEC /* Debug */ = {
			isa = XCBuildConfiguration;
			buildSettings = {
				ALWAYS_EMBED_SWIFT_STANDARD_LIBRARIES = YES;
				BUNDLE_LOADER = "$(TEST_HOST)";
				CODE_SIGN_STYLE = Automatic;
				INFOPLIST_FILE = LandsmarkTests/Info.plist;
				IPHONEOS_DEPLOYMENT_TARGET = 13.2;
				LD_RUNPATH_SEARCH_PATHS = (
					"$(inherited)",
					"@executable_path/Frameworks",
					"@loader_path/Frameworks",
				);
				PRODUCT_BUNDLE_IDENTIFIER = georglang.LandsmarkTests;
				PRODUCT_NAME = "$(TARGET_NAME)";
				SWIFT_VERSION = 5.0;
				TARGETED_DEVICE_FAMILY = "1,2";
				TEST_HOST = "$(BUILT_PRODUCTS_DIR)/Landsmark.app/Landsmark";
			};
			name = Debug;
		};
		56C3763223EC9195009A0DEC /* Release */ = {
			isa = XCBuildConfiguration;
			buildSettings = {
				ALWAYS_EMBED_SWIFT_STANDARD_LIBRARIES = YES;
				BUNDLE_LOADER = "$(TEST_HOST)";
				CODE_SIGN_STYLE = Automatic;
				INFOPLIST_FILE = LandsmarkTests/Info.plist;
				IPHONEOS_DEPLOYMENT_TARGET = 13.2;
				LD_RUNPATH_SEARCH_PATHS = (
					"$(inherited)",
					"@executable_path/Frameworks",
					"@loader_path/Frameworks",
				);
				PRODUCT_BUNDLE_IDENTIFIER = georglang.LandsmarkTests;
				PRODUCT_NAME = "$(TARGET_NAME)";
				SWIFT_VERSION = 5.0;
				TARGETED_DEVICE_FAMILY = "1,2";
				TEST_HOST = "$(BUILT_PRODUCTS_DIR)/Landsmark.app/Landsmark";
			};
			name = Release;
		};
		56C3763423EC9195009A0DEC /* Debug */ = {
			isa = XCBuildConfiguration;
			buildSettings = {
				ALWAYS_EMBED_SWIFT_STANDARD_LIBRARIES = YES;
				CODE_SIGN_STYLE = Automatic;
				INFOPLIST_FILE = LandsmarkUITests/Info.plist;
				LD_RUNPATH_SEARCH_PATHS = (
					"$(inherited)",
					"@executable_path/Frameworks",
					"@loader_path/Frameworks",
				);
				PRODUCT_BUNDLE_IDENTIFIER = georglang.LandsmarkUITests;
				PRODUCT_NAME = "$(TARGET_NAME)";
				SWIFT_VERSION = 5.0;
				TARGETED_DEVICE_FAMILY = "1,2";
				TEST_TARGET_NAME = Landsmark;
			};
			name = Debug;
		};
		56C3763523EC9195009A0DEC /* Release */ = {
			isa = XCBuildConfiguration;
			buildSettings = {
				ALWAYS_EMBED_SWIFT_STANDARD_LIBRARIES = YES;
				CODE_SIGN_STYLE = Automatic;
				INFOPLIST_FILE = LandsmarkUITests/Info.plist;
				LD_RUNPATH_SEARCH_PATHS = (
					"$(inherited)",
					"@executable_path/Frameworks",
					"@loader_path/Frameworks",
				);
				PRODUCT_BUNDLE_IDENTIFIER = georglang.LandsmarkUITests;
				PRODUCT_NAME = "$(TARGET_NAME)";
				SWIFT_VERSION = 5.0;
				TARGETED_DEVICE_FAMILY = "1,2";
				TEST_TARGET_NAME = Landsmark;
			};
			name = Release;
		};
/* End XCBuildConfiguration section */

/* Begin XCConfigurationList section */
		56C375FE23EC9192009A0DEC /* Build configuration list for PBXProject "Landsmark" */ = {
			isa = XCConfigurationList;
			buildConfigurations = (
				56C3762B23EC9195009A0DEC /* Debug */,
				56C3762C23EC9195009A0DEC /* Release */,
			);
			defaultConfigurationIsVisible = 0;
			defaultConfigurationName = Release;
		};
		56C3762D23EC9195009A0DEC /* Build configuration list for PBXNativeTarget "Landsmark" */ = {
			isa = XCConfigurationList;
			buildConfigurations = (
				56C3762E23EC9195009A0DEC /* Debug */,
				56C3762F23EC9195009A0DEC /* Release */,
			);
			defaultConfigurationIsVisible = 0;
			defaultConfigurationName = Release;
		};
		56C3763023EC9195009A0DEC /* Build configuration list for PBXNativeTarget "LandsmarkTests" */ = {
			isa = XCConfigurationList;
			buildConfigurations = (
				56C3763123EC9195009A0DEC /* Debug */,
				56C3763223EC9195009A0DEC /* Release */,
			);
			defaultConfigurationIsVisible = 0;
			defaultConfigurationName = Release;
		};
		56C3763323EC9195009A0DEC /* Build configuration list for PBXNativeTarget "LandsmarkUITests" */ = {
			isa = XCConfigurationList;
			buildConfigurations = (
				56C3763423EC9195009A0DEC /* Debug */,
				56C3763523EC9195009A0DEC /* Release */,
			);
			defaultConfigurationIsVisible = 0;
			defaultConfigurationName = Release;
		};
/* End XCConfigurationList section */
	};
	rootObject = 56C375FB23EC9192009A0DEC /* Project object */;
}
